// !$*UTF8*$!
{
	archiveVersion = 1;
	classes = {
	};
	objectVersion = 50;
	objects = {

/* Begin PBXBuildFile section */
		AB8BB0F025CFE72E00BF8580 /* MobCommon.framework in Frameworks */ = {isa = PBXBuildFile; fileRef = AB8BB0E625CFE72D00BF8580 /* MobCommon.framework */; };
		AB8BB0F525CFE72E00BF8580 /* MobCommonTests.swift in Sources */ = {isa = PBXBuildFile; fileRef = AB8BB0F425CFE72E00BF8580 /* MobCommonTests.swift */; };
		AB8BB0F725CFE72E00BF8580 /* MobCommon.h in Headers */ = {isa = PBXBuildFile; fileRef = AB8BB0E925CFE72D00BF8580 /* MobCommon.h */; settings = {ATTRIBUTES = (Public, ); }; };
		AB8BB10925CFE73E00BF8580 /* AppDelegate.swift in Sources */ = {isa = PBXBuildFile; fileRef = AB8BB10825CFE73E00BF8580 /* AppDelegate.swift */; };
		AB8BB10B25CFE73E00BF8580 /* SceneDelegate.swift in Sources */ = {isa = PBXBuildFile; fileRef = AB8BB10A25CFE73E00BF8580 /* SceneDelegate.swift */; };
		AB8BB10D25CFE73E00BF8580 /* ViewController.swift in Sources */ = {isa = PBXBuildFile; fileRef = AB8BB10C25CFE73E00BF8580 /* ViewController.swift */; };
		AB8BB11025CFE73E00BF8580 /* Main.storyboard in Resources */ = {isa = PBXBuildFile; fileRef = AB8BB10E25CFE73E00BF8580 /* Main.storyboard */; };
		AB8BB11225CFE74100BF8580 /* Assets.xcassets in Resources */ = {isa = PBXBuildFile; fileRef = AB8BB11125CFE74100BF8580 /* Assets.xcassets */; };
		AB8BB11525CFE74100BF8580 /* LaunchScreen.storyboard in Resources */ = {isa = PBXBuildFile; fileRef = AB8BB11325CFE74100BF8580 /* LaunchScreen.storyboard */; };
		AB8BB11E25CFE74C00BF8580 /* MobCommon.framework in Frameworks */ = {isa = PBXBuildFile; fileRef = AB8BB0E625CFE72D00BF8580 /* MobCommon.framework */; };
		AB8BB11F25CFE74C00BF8580 /* MobCommon.framework in Embed Frameworks */ = {isa = PBXBuildFile; fileRef = AB8BB0E625CFE72D00BF8580 /* MobCommon.framework */; settings = {ATTRIBUTES = (CodeSignOnCopy, RemoveHeadersOnCopy, ); }; };
		AB8BB12625CFE76000BF8580 /* Routable.swift in Sources */ = {isa = PBXBuildFile; fileRef = AB8BB12525CFE76000BF8580 /* Routable.swift */; };
/* End PBXBuildFile section */

/* Begin PBXContainerItemProxy section */
		AB8BB0F125CFE72E00BF8580 /* PBXContainerItemProxy */ = {
			isa = PBXContainerItemProxy;
			containerPortal = AB8BB0DD25CFE72D00BF8580 /* Project object */;
			proxyType = 1;
			remoteGlobalIDString = AB8BB0E525CFE72D00BF8580;
			remoteInfo = MobCommon;
		};
		AB8BB12025CFE74C00BF8580 /* PBXContainerItemProxy */ = {
			isa = PBXContainerItemProxy;
			containerPortal = AB8BB0DD25CFE72D00BF8580 /* Project object */;
			proxyType = 1;
			remoteGlobalIDString = AB8BB0E525CFE72D00BF8580;
			remoteInfo = MobCommon;
		};
/* End PBXContainerItemProxy section */

/* Begin PBXCopyFilesBuildPhase section */
		AB8BB12225CFE74C00BF8580 /* Embed Frameworks */ = {
			isa = PBXCopyFilesBuildPhase;
			buildActionMask = 2147483647;
			dstPath = "";
			dstSubfolderSpec = 10;
			files = (
				AB8BB11F25CFE74C00BF8580 /* MobCommon.framework in Embed Frameworks */,
			);
			name = "Embed Frameworks";
			runOnlyForDeploymentPostprocessing = 0;
		};
/* End PBXCopyFilesBuildPhase section */

/* Begin PBXFileReference section */
		AB8BB0E625CFE72D00BF8580 /* MobCommon.framework */ = {isa = PBXFileReference; explicitFileType = wrapper.framework; includeInIndex = 0; path = MobCommon.framework; sourceTree = BUILT_PRODUCTS_DIR; };
		AB8BB0E925CFE72D00BF8580 /* MobCommon.h */ = {isa = PBXFileReference; lastKnownFileType = sourcecode.c.h; path = MobCommon.h; sourceTree = "<group>"; };
		AB8BB0EA25CFE72D00BF8580 /* Info.plist */ = {isa = PBXFileReference; lastKnownFileType = text.plist.xml; path = Info.plist; sourceTree = "<group>"; };
		AB8BB0EF25CFE72E00BF8580 /* MobCommonTests.xctest */ = {isa = PBXFileReference; explicitFileType = wrapper.cfbundle; includeInIndex = 0; path = MobCommonTests.xctest; sourceTree = BUILT_PRODUCTS_DIR; };
		AB8BB0F425CFE72E00BF8580 /* MobCommonTests.swift */ = {isa = PBXFileReference; lastKnownFileType = sourcecode.swift; path = MobCommonTests.swift; sourceTree = "<group>"; };
		AB8BB0F625CFE72E00BF8580 /* Info.plist */ = {isa = PBXFileReference; lastKnownFileType = text.plist.xml; path = Info.plist; sourceTree = "<group>"; };
		AB8BB10625CFE73E00BF8580 /* MobCommon-Demo.app */ = {isa = PBXFileReference; explicitFileType = wrapper.application; includeInIndex = 0; path = "MobCommon-Demo.app"; sourceTree = BUILT_PRODUCTS_DIR; };
		AB8BB10825CFE73E00BF8580 /* AppDelegate.swift */ = {isa = PBXFileReference; lastKnownFileType = sourcecode.swift; path = AppDelegate.swift; sourceTree = "<group>"; };
		AB8BB10A25CFE73E00BF8580 /* SceneDelegate.swift */ = {isa = PBXFileReference; lastKnownFileType = sourcecode.swift; path = SceneDelegate.swift; sourceTree = "<group>"; };
		AB8BB10C25CFE73E00BF8580 /* ViewController.swift */ = {isa = PBXFileReference; lastKnownFileType = sourcecode.swift; path = ViewController.swift; sourceTree = "<group>"; };
		AB8BB10F25CFE73E00BF8580 /* Base */ = {isa = PBXFileReference; lastKnownFileType = file.storyboard; name = Base; path = Base.lproj/Main.storyboard; sourceTree = "<group>"; };
		AB8BB11125CFE74100BF8580 /* Assets.xcassets */ = {isa = PBXFileReference; lastKnownFileType = folder.assetcatalog; path = Assets.xcassets; sourceTree = "<group>"; };
		AB8BB11425CFE74100BF8580 /* Base */ = {isa = PBXFileReference; lastKnownFileType = file.storyboard; name = Base; path = Base.lproj/LaunchScreen.storyboard; sourceTree = "<group>"; };
		AB8BB11625CFE74100BF8580 /* Info.plist */ = {isa = PBXFileReference; lastKnownFileType = text.plist.xml; path = Info.plist; sourceTree = "<group>"; };
		AB8BB12525CFE76000BF8580 /* Routable.swift */ = {isa = PBXFileReference; lastKnownFileType = sourcecode.swift; path = Routable.swift; sourceTree = "<group>"; };
/* End PBXFileReference section */

/* Begin PBXFrameworksBuildPhase section */
		AB8BB0E325CFE72D00BF8580 /* Frameworks */ = {
			isa = PBXFrameworksBuildPhase;
			buildActionMask = 2147483647;
			files = (
			);
			runOnlyForDeploymentPostprocessing = 0;
		};
		AB8BB0EC25CFE72E00BF8580 /* Frameworks */ = {
			isa = PBXFrameworksBuildPhase;
			buildActionMask = 2147483647;
			files = (
				AB8BB0F025CFE72E00BF8580 /* MobCommon.framework in Frameworks */,
			);
			runOnlyForDeploymentPostprocessing = 0;
		};
		AB8BB10325CFE73E00BF8580 /* Frameworks */ = {
			isa = PBXFrameworksBuildPhase;
			buildActionMask = 2147483647;
			files = (
				AB8BB11E25CFE74C00BF8580 /* MobCommon.framework in Frameworks */,
			);
			runOnlyForDeploymentPostprocessing = 0;
		};
/* End PBXFrameworksBuildPhase section */

/* Begin PBXGroup section */
		AB8BB0DC25CFE72D00BF8580 = {
			isa = PBXGroup;
			children = (
				AB8BB0E825CFE72D00BF8580 /* MobCommon */,
				AB8BB0F325CFE72E00BF8580 /* MobCommonTests */,
				AB8BB10725CFE73E00BF8580 /* MobCommon-Demo */,
				AB8BB0E725CFE72D00BF8580 /* Products */,
				AB8BB11D25CFE74C00BF8580 /* Frameworks */,
			);
			sourceTree = "<group>";
		};
		AB8BB0E725CFE72D00BF8580 /* Products */ = {
			isa = PBXGroup;
			children = (
				AB8BB0E625CFE72D00BF8580 /* MobCommon.framework */,
				AB8BB0EF25CFE72E00BF8580 /* MobCommonTests.xctest */,
				AB8BB10625CFE73E00BF8580 /* MobCommon-Demo.app */,
			);
			name = Products;
			sourceTree = "<group>";
		};
		AB8BB0E825CFE72D00BF8580 /* MobCommon */ = {
			isa = PBXGroup;
			children = (
				AB8BB0E925CFE72D00BF8580 /* MobCommon.h */,
				AB8BB0EA25CFE72D00BF8580 /* Info.plist */,
				AB8BB12525CFE76000BF8580 /* Routable.swift */,
			);
			path = MobCommon;
			sourceTree = "<group>";
		};
		AB8BB0F325CFE72E00BF8580 /* MobCommonTests */ = {
			isa = PBXGroup;
			children = (
				AB8BB0F425CFE72E00BF8580 /* MobCommonTests.swift */,
				AB8BB0F625CFE72E00BF8580 /* Info.plist */,
			);
			path = MobCommonTests;
			sourceTree = "<group>";
		};
		AB8BB10725CFE73E00BF8580 /* MobCommon-Demo */ = {
			isa = PBXGroup;
			children = (
				AB8BB10825CFE73E00BF8580 /* AppDelegate.swift */,
				AB8BB10A25CFE73E00BF8580 /* SceneDelegate.swift */,
				AB8BB10C25CFE73E00BF8580 /* ViewController.swift */,
				AB8BB10E25CFE73E00BF8580 /* Main.storyboard */,
				AB8BB11125CFE74100BF8580 /* Assets.xcassets */,
				AB8BB11325CFE74100BF8580 /* LaunchScreen.storyboard */,
				AB8BB11625CFE74100BF8580 /* Info.plist */,
			);
			path = "MobCommon-Demo";
			sourceTree = "<group>";
		};
		AB8BB11D25CFE74C00BF8580 /* Frameworks */ = {
			isa = PBXGroup;
			children = (
			);
			name = Frameworks;
			sourceTree = "<group>";
		};
/* End PBXGroup section */

/* Begin PBXHeadersBuildPhase section */
		AB8BB0E125CFE72D00BF8580 /* Headers */ = {
			isa = PBXHeadersBuildPhase;
			buildActionMask = 2147483647;
			files = (
				AB8BB0F725CFE72E00BF8580 /* MobCommon.h in Headers */,
			);
			runOnlyForDeploymentPostprocessing = 0;
		};
/* End PBXHeadersBuildPhase section */

/* Begin PBXNativeTarget section */
		AB8BB0E525CFE72D00BF8580 /* MobCommon */ = {
			isa = PBXNativeTarget;
			buildConfigurationList = AB8BB0FA25CFE72E00BF8580 /* Build configuration list for PBXNativeTarget "MobCommon" */;
			buildPhases = (
				AB8BB0E125CFE72D00BF8580 /* Headers */,
				AB8BB0E225CFE72D00BF8580 /* Sources */,
				AB8BB0E325CFE72D00BF8580 /* Frameworks */,
				AB8BB0E425CFE72D00BF8580 /* Resources */,
			);
			buildRules = (
			);
			dependencies = (
			);
			name = MobCommon;
			productName = MobCommon;
			productReference = AB8BB0E625CFE72D00BF8580 /* MobCommon.framework */;
			productType = "com.apple.product-type.framework";
		};
		AB8BB0EE25CFE72E00BF8580 /* MobCommonTests */ = {
			isa = PBXNativeTarget;
			buildConfigurationList = AB8BB0FD25CFE72E00BF8580 /* Build configuration list for PBXNativeTarget "MobCommonTests" */;
			buildPhases = (
				AB8BB0EB25CFE72E00BF8580 /* Sources */,
				AB8BB0EC25CFE72E00BF8580 /* Frameworks */,
				AB8BB0ED25CFE72E00BF8580 /* Resources */,
			);
			buildRules = (
			);
			dependencies = (
				AB8BB0F225CFE72E00BF8580 /* PBXTargetDependency */,
			);
			name = MobCommonTests;
			productName = MobCommonTests;
			productReference = AB8BB0EF25CFE72E00BF8580 /* MobCommonTests.xctest */;
			productType = "com.apple.product-type.bundle.unit-test";
		};
		AB8BB10525CFE73E00BF8580 /* MobCommon-Demo */ = {
			isa = PBXNativeTarget;
			buildConfigurationList = AB8BB11725CFE74100BF8580 /* Build configuration list for PBXNativeTarget "MobCommon-Demo" */;
			buildPhases = (
				AB8BB10225CFE73E00BF8580 /* Sources */,
				AB8BB10325CFE73E00BF8580 /* Frameworks */,
				AB8BB10425CFE73E00BF8580 /* Resources */,
				AB8BB12225CFE74C00BF8580 /* Embed Frameworks */,
			);
			buildRules = (
			);
			dependencies = (
				AB8BB12125CFE74C00BF8580 /* PBXTargetDependency */,
			);
			name = "MobCommon-Demo";
			productName = "MobCommon-Demo";
			productReference = AB8BB10625CFE73E00BF8580 /* MobCommon-Demo.app */;
			productType = "com.apple.product-type.application";
		};
/* End PBXNativeTarget section */

/* Begin PBXProject section */
		AB8BB0DD25CFE72D00BF8580 /* Project object */ = {
			isa = PBXProject;
			attributes = {
				LastSwiftUpdateCheck = 1230;
				LastUpgradeCheck = 1230;
				TargetAttributes = {
					AB8BB0E525CFE72D00BF8580 = {
						CreatedOnToolsVersion = 12.3;
						LastSwiftMigration = 1230;
					};
					AB8BB0EE25CFE72E00BF8580 = {
						CreatedOnToolsVersion = 12.3;
					};
					AB8BB10525CFE73E00BF8580 = {
						CreatedOnToolsVersion = 12.3;
					};
				};
			};
			buildConfigurationList = AB8BB0E025CFE72D00BF8580 /* Build configuration list for PBXProject "MobCommon" */;
			compatibilityVersion = "Xcode 9.3";
			developmentRegion = en;
			hasScannedForEncodings = 0;
			knownRegions = (
				en,
				Base,
			);
			mainGroup = AB8BB0DC25CFE72D00BF8580;
			productRefGroup = AB8BB0E725CFE72D00BF8580 /* Products */;
			projectDirPath = "";
			projectRoot = "";
			targets = (
				AB8BB0E525CFE72D00BF8580 /* MobCommon */,
				AB8BB0EE25CFE72E00BF8580 /* MobCommonTests */,
				AB8BB10525CFE73E00BF8580 /* MobCommon-Demo */,
			);
		};
/* End PBXProject section */

/* Begin PBXResourcesBuildPhase section */
		AB8BB0E425CFE72D00BF8580 /* Resources */ = {
			isa = PBXResourcesBuildPhase;
			buildActionMask = 2147483647;
			files = (
			);
			runOnlyForDeploymentPostprocessing = 0;
		};
		AB8BB0ED25CFE72E00BF8580 /* Resources */ = {
			isa = PBXResourcesBuildPhase;
			buildActionMask = 2147483647;
			files = (
			);
			runOnlyForDeploymentPostprocessing = 0;
		};
		AB8BB10425CFE73E00BF8580 /* Resources */ = {
			isa = PBXResourcesBuildPhase;
			buildActionMask = 2147483647;
			files = (
				AB8BB11525CFE74100BF8580 /* LaunchScreen.storyboard in Resources */,
				AB8BB11225CFE74100BF8580 /* Assets.xcassets in Resources */,
				AB8BB11025CFE73E00BF8580 /* Main.storyboard in Resources */,
			);
			runOnlyForDeploymentPostprocessing = 0;
		};
/* End PBXResourcesBuildPhase section */

/* Begin PBXSourcesBuildPhase section */
		AB8BB0E225CFE72D00BF8580 /* Sources */ = {
			isa = PBXSourcesBuildPhase;
			buildActionMask = 2147483647;
			files = (
				AB8BB12625CFE76000BF8580 /* Routable.swift in Sources */,
			);
			runOnlyForDeploymentPostprocessing = 0;
		};
		AB8BB0EB25CFE72E00BF8580 /* Sources */ = {
			isa = PBXSourcesBuildPhase;
			buildActionMask = 2147483647;
			files = (
				AB8BB0F525CFE72E00BF8580 /* MobCommonTests.swift in Sources */,
			);
			runOnlyForDeploymentPostprocessing = 0;
		};
		AB8BB10225CFE73E00BF8580 /* Sources */ = {
			isa = PBXSourcesBuildPhase;
			buildActionMask = 2147483647;
			files = (
				AB8BB10D25CFE73E00BF8580 /* ViewController.swift in Sources */,
				AB8BB10925CFE73E00BF8580 /* AppDelegate.swift in Sources */,
				AB8BB10B25CFE73E00BF8580 /* SceneDelegate.swift in Sources */,
			);
			runOnlyForDeploymentPostprocessing = 0;
		};
/* End PBXSourcesBuildPhase section */

/* Begin PBXTargetDependency section */
		AB8BB0F225CFE72E00BF8580 /* PBXTargetDependency */ = {
			isa = PBXTargetDependency;
			target = AB8BB0E525CFE72D00BF8580 /* MobCommon */;
			targetProxy = AB8BB0F125CFE72E00BF8580 /* PBXContainerItemProxy */;
		};
		AB8BB12125CFE74C00BF8580 /* PBXTargetDependency */ = {
			isa = PBXTargetDependency;
			target = AB8BB0E525CFE72D00BF8580 /* MobCommon */;
			targetProxy = AB8BB12025CFE74C00BF8580 /* PBXContainerItemProxy */;
		};
/* End PBXTargetDependency section */

/* Begin PBXVariantGroup section */
		AB8BB10E25CFE73E00BF8580 /* Main.storyboard */ = {
			isa = PBXVariantGroup;
			children = (
				AB8BB10F25CFE73E00BF8580 /* Base */,
			);
			name = Main.storyboard;
			sourceTree = "<group>";
		};
		AB8BB11325CFE74100BF8580 /* LaunchScreen.storyboard */ = {
			isa = PBXVariantGroup;
			children = (
				AB8BB11425CFE74100BF8580 /* Base */,
			);
			name = LaunchScreen.storyboard;
			sourceTree = "<group>";
		};
/* End PBXVariantGroup section */

/* Begin XCBuildConfiguration section */
		AB8BB0F825CFE72E00BF8580 /* Debug */ = {
			isa = XCBuildConfiguration;
			buildSettings = {
				ALWAYS_SEARCH_USER_PATHS = NO;
				CLANG_ANALYZER_NONNULL = YES;
				CLANG_ANALYZER_NUMBER_OBJECT_CONVERSION = YES_AGGRESSIVE;
				CLANG_CXX_LANGUAGE_STANDARD = "gnu++14";
				CLANG_CXX_LIBRARY = "libc++";
				CLANG_ENABLE_MODULES = YES;
				CLANG_ENABLE_OBJC_ARC = YES;
				CLANG_ENABLE_OBJC_WEAK = YES;
				CLANG_WARN_BLOCK_CAPTURE_AUTORELEASING = YES;
				CLANG_WARN_BOOL_CONVERSION = YES;
				CLANG_WARN_COMMA = YES;
				CLANG_WARN_CONSTANT_CONVERSION = YES;
				CLANG_WARN_DEPRECATED_OBJC_IMPLEMENTATIONS = YES;
				CLANG_WARN_DIRECT_OBJC_ISA_USAGE = YES_ERROR;
				CLANG_WARN_DOCUMENTATION_COMMENTS = YES;
				CLANG_WARN_EMPTY_BODY = YES;
				CLANG_WARN_ENUM_CONVERSION = YES;
				CLANG_WARN_INFINITE_RECURSION = YES;
				CLANG_WARN_INT_CONVERSION = YES;
				CLANG_WARN_NON_LITERAL_NULL_CONVERSION = YES;
				CLANG_WARN_OBJC_IMPLICIT_RETAIN_SELF = YES;
				CLANG_WARN_OBJC_LITERAL_CONVERSION = YES;
				CLANG_WARN_OBJC_ROOT_CLASS = YES_ERROR;
				CLANG_WARN_QUOTED_INCLUDE_IN_FRAMEWORK_HEADER = YES;
				CLANG_WARN_RANGE_LOOP_ANALYSIS = YES;
				CLANG_WARN_STRICT_PROTOTYPES = YES;
				CLANG_WARN_SUSPICIOUS_MOVE = YES;
				CLANG_WARN_UNGUARDED_AVAILABILITY = YES_AGGRESSIVE;
				CLANG_WARN_UNREACHABLE_CODE = YES;
				CLANG_WARN__DUPLICATE_METHOD_MATCH = YES;
				COPY_PHASE_STRIP = NO;
				CURRENT_PROJECT_VERSION = 1;
				DEBUG_INFORMATION_FORMAT = dwarf;
				ENABLE_STRICT_OBJC_MSGSEND = YES;
				ENABLE_TESTABILITY = YES;
				GCC_C_LANGUAGE_STANDARD = gnu11;
				GCC_DYNAMIC_NO_PIC = NO;
				GCC_NO_COMMON_BLOCKS = YES;
				GCC_OPTIMIZATION_LEVEL = 0;
				GCC_PREPROCESSOR_DEFINITIONS = (
					"DEBUG=1",
					"$(inherited)",
				);
				GCC_WARN_64_TO_32_BIT_CONVERSION = YES;
				GCC_WARN_ABOUT_RETURN_TYPE = YES_ERROR;
				GCC_WARN_UNDECLARED_SELECTOR = YES;
				GCC_WARN_UNINITIALIZED_AUTOS = YES_AGGRESSIVE;
				GCC_WARN_UNUSED_FUNCTION = YES;
				GCC_WARN_UNUSED_VARIABLE = YES;
				IPHONEOS_DEPLOYMENT_TARGET = 14.3;
				MTL_ENABLE_DEBUG_INFO = INCLUDE_SOURCE;
				MTL_FAST_MATH = YES;
				ONLY_ACTIVE_ARCH = YES;
				SDKROOT = iphoneos;
				SWIFT_ACTIVE_COMPILATION_CONDITIONS = DEBUG;
				SWIFT_OPTIMIZATION_LEVEL = "-Onone";
				VERSIONING_SYSTEM = "apple-generic";
				VERSION_INFO_PREFIX = "";
			};
			name = Debug;
		};
		AB8BB0F925CFE72E00BF8580 /* Release */ = {
			isa = XCBuildConfiguration;
			buildSettings = {
				ALWAYS_SEARCH_USER_PATHS = NO;
				CLANG_ANALYZER_NONNULL = YES;
				CLANG_ANALYZER_NUMBER_OBJECT_CONVERSION = YES_AGGRESSIVE;
				CLANG_CXX_LANGUAGE_STANDARD = "gnu++14";
				CLANG_CXX_LIBRARY = "libc++";
				CLANG_ENABLE_MODULES = YES;
				CLANG_ENABLE_OBJC_ARC = YES;
				CLANG_ENABLE_OBJC_WEAK = YES;
				CLANG_WARN_BLOCK_CAPTURE_AUTORELEASING = YES;
				CLANG_WARN_BOOL_CONVERSION = YES;
				CLANG_WARN_COMMA = YES;
				CLANG_WARN_CONSTANT_CONVERSION = YES;
				CLANG_WARN_DEPRECATED_OBJC_IMPLEMENTATIONS = YES;
				CLANG_WARN_DIRECT_OBJC_ISA_USAGE = YES_ERROR;
				CLANG_WARN_DOCUMENTATION_COMMENTS = YES;
				CLANG_WARN_EMPTY_BODY = YES;
				CLANG_WARN_ENUM_CONVERSION = YES;
				CLANG_WARN_INFINITE_RECURSION = YES;
				CLANG_WARN_INT_CONVERSION = YES;
				CLANG_WARN_NON_LITERAL_NULL_CONVERSION = YES;
				CLANG_WARN_OBJC_IMPLICIT_RETAIN_SELF = YES;
				CLANG_WARN_OBJC_LITERAL_CONVERSION = YES;
				CLANG_WARN_OBJC_ROOT_CLASS = YES_ERROR;
				CLANG_WARN_QUOTED_INCLUDE_IN_FRAMEWORK_HEADER = YES;
				CLANG_WARN_RANGE_LOOP_ANALYSIS = YES;
				CLANG_WARN_STRICT_PROTOTYPES = YES;
				CLANG_WARN_SUSPICIOUS_MOVE = YES;
				CLANG_WARN_UNGUARDED_AVAILABILITY = YES_AGGRESSIVE;
				CLANG_WARN_UNREACHABLE_CODE = YES;
				CLANG_WARN__DUPLICATE_METHOD_MATCH = YES;
				COPY_PHASE_STRIP = NO;
				CURRENT_PROJECT_VERSION = 1;
				DEBUG_INFORMATION_FORMAT = "dwarf-with-dsym";
				ENABLE_NS_ASSERTIONS = NO;
				ENABLE_STRICT_OBJC_MSGSEND = YES;
				GCC_C_LANGUAGE_STANDARD = gnu11;
				GCC_NO_COMMON_BLOCKS = YES;
				GCC_WARN_64_TO_32_BIT_CONVERSION = YES;
				GCC_WARN_ABOUT_RETURN_TYPE = YES_ERROR;
				GCC_WARN_UNDECLARED_SELECTOR = YES;
				GCC_WARN_UNINITIALIZED_AUTOS = YES_AGGRESSIVE;
				GCC_WARN_UNUSED_FUNCTION = YES;
				GCC_WARN_UNUSED_VARIABLE = YES;
				IPHONEOS_DEPLOYMENT_TARGET = 14.3;
				MTL_ENABLE_DEBUG_INFO = NO;
				MTL_FAST_MATH = YES;
				SDKROOT = iphoneos;
				SWIFT_COMPILATION_MODE = wholemodule;
				SWIFT_OPTIMIZATION_LEVEL = "-O";
				VALIDATE_PRODUCT = YES;
				VERSIONING_SYSTEM = "apple-generic";
				VERSION_INFO_PREFIX = "";
			};
			name = Release;
		};
		AB8BB0FB25CFE72E00BF8580 /* Debug */ = {
			isa = XCBuildConfiguration;
			buildSettings = {
				CLANG_ENABLE_MODULES = YES;
				CODE_SIGN_STYLE = Automatic;
				DEFINES_MODULE = YES;
				DEVELOPMENT_TEAM = SFWNSYN8YK;
				DYLIB_COMPATIBILITY_VERSION = 1;
				DYLIB_CURRENT_VERSION = 1;
				DYLIB_INSTALL_NAME_BASE = "@rpath";
				INFOPLIST_FILE = MobCommon/Info.plist;
				INSTALL_PATH = "$(LOCAL_LIBRARY_DIR)/Frameworks";
				LD_RUNPATH_SEARCH_PATHS = (
					"$(inherited)",
					"@executable_path/Frameworks",
					"@loader_path/Frameworks",
				);
				PRODUCT_BUNDLE_IDENTIFIER = com.mob.MobCommon;
				PRODUCT_NAME = "$(TARGET_NAME:c99extidentifier)";
				SKIP_INSTALL = YES;
				SWIFT_OPTIMIZATION_LEVEL = "-Onone";
				SWIFT_VERSION = 5.0;
				TARGETED_DEVICE_FAMILY = "1,2";
			};
			name = Debug;
		};
		AB8BB0FC25CFE72E00BF8580 /* Release */ = {
			isa = XCBuildConfiguration;
			buildSettings = {
				CLANG_ENABLE_MODULES = YES;
				CODE_SIGN_STYLE = Automatic;
				DEFINES_MODULE = YES;
				DEVELOPMENT_TEAM = SFWNSYN8YK;
				DYLIB_COMPATIBILITY_VERSION = 1;
				DYLIB_CURRENT_VERSION = 1;
				DYLIB_INSTALL_NAME_BASE = "@rpath";
				INFOPLIST_FILE = MobCommon/Info.plist;
				INSTALL_PATH = "$(LOCAL_LIBRARY_DIR)/Frameworks";
				LD_RUNPATH_SEARCH_PATHS = (
					"$(inherited)",
					"@executable_path/Frameworks",
					"@loader_path/Frameworks",
				);
				PRODUCT_BUNDLE_IDENTIFIER = com.mob.MobCommon;
				PRODUCT_NAME = "$(TARGET_NAME:c99extidentifier)";
				SKIP_INSTALL = YES;
				SWIFT_VERSION = 5.0;
				TARGETED_DEVICE_FAMILY = "1,2";
			};
			name = Release;
		};
		AB8BB0FE25CFE72E00BF8580 /* Debug */ = {
			isa = XCBuildConfiguration;
			buildSettings = {
				ALWAYS_EMBED_SWIFT_STANDARD_LIBRARIES = YES;
				CODE_SIGN_STYLE = Automatic;
				DEVELOPMENT_TEAM = SFWNSYN8YK;
				INFOPLIST_FILE = MobCommonTests/Info.plist;
				LD_RUNPATH_SEARCH_PATHS = (
					"$(inherited)",
					"@executable_path/Frameworks",
					"@loader_path/Frameworks",
				);
				PRODUCT_BUNDLE_IDENTIFIER = com.mob.MobCommonTests;
				PRODUCT_NAME = "$(TARGET_NAME)";
				SWIFT_VERSION = 5.0;
				TARGETED_DEVICE_FAMILY = "1,2";
			};
			name = Debug;
		};
		AB8BB0FF25CFE72E00BF8580 /* Release */ = {
			isa = XCBuildConfiguration;
			buildSettings = {
				ALWAYS_EMBED_SWIFT_STANDARD_LIBRARIES = YES;
				CODE_SIGN_STYLE = Automatic;
				DEVELOPMENT_TEAM = SFWNSYN8YK;
				INFOPLIST_FILE = MobCommonTests/Info.plist;
				LD_RUNPATH_SEARCH_PATHS = (
					"$(inherited)",
					"@executable_path/Frameworks",
					"@loader_path/Frameworks",
				);
				PRODUCT_BUNDLE_IDENTIFIER = com.mob.MobCommonTests;
				PRODUCT_NAME = "$(TARGET_NAME)";
				SWIFT_VERSION = 5.0;
				TARGETED_DEVICE_FAMILY = "1,2";
			};
			name = Release;
		};
		AB8BB11825CFE74100BF8580 /* Debug */ = {
			isa = XCBuildConfiguration;
			buildSettings = {
				ALWAYS_EMBED_SWIFT_STANDARD_LIBRARIES = YES;
				ASSETCATALOG_COMPILER_APPICON_NAME = AppIcon;
				ASSETCATALOG_COMPILER_GLOBAL_ACCENT_COLOR_NAME = AccentColor;
				CODE_SIGN_STYLE = Automatic;
				DEVELOPMENT_TEAM = SFWNSYN8YK;
				INFOPLIST_FILE = "MobCommon-Demo/Info.plist";
				LD_RUNPATH_SEARCH_PATHS = (
					"$(inherited)",
					"@executable_path/Frameworks",
				);
				PRODUCT_BUNDLE_IDENTIFIER = "com.mob.MobCommon-Demo";
				PRODUCT_NAME = "$(TARGET_NAME)";
				SWIFT_VERSION = 5.0;
				TARGETED_DEVICE_FAMILY = "1,2";
			};
			name = Debug;
		};
		AB8BB11925CFE74100BF8580 /* Release */ = {
			isa = XCBuildConfiguration;
			buildSettings = {
				ALWAYS_EMBED_SWIFT_STANDARD_LIBRARIES = YES;
				ASSETCATALOG_COMPILER_APPICON_NAME = AppIcon;
				ASSETCATALOG_COMPILER_GLOBAL_ACCENT_COLOR_NAME = AccentColor;
				CODE_SIGN_STYLE = Automatic;
				DEVELOPMENT_TEAM = SFWNSYN8YK;
				INFOPLIST_FILE = "MobCommon-Demo/Info.plist";
				LD_RUNPATH_SEARCH_PATHS = (
					"$(inherited)",
					"@executable_path/Frameworks",
				);
				PRODUCT_BUNDLE_IDENTIFIER = "com.mob.MobCommon-Demo";
				PRODUCT_NAME = "$(TARGET_NAME)";
				SWIFT_VERSION = 5.0;
				TARGETED_DEVICE_FAMILY = "1,2";
			};
			name = Release;
		};
/* End XCBuildConfiguration section */

/* Begin XCConfigurationList section */
		AB8BB0E025CFE72D00BF8580 /* Build configuration list for PBXProject "MobCommon" */ = {
			isa = XCConfigurationList;
			buildConfigurations = (
				AB8BB0F825CFE72E00BF8580 /* Debug */,
				AB8BB0F925CFE72E00BF8580 /* Release */,
			);
			defaultConfigurationIsVisible = 0;
			defaultConfigurationName = Release;
		};
		AB8BB0FA25CFE72E00BF8580 /* Build configuration list for PBXNativeTarget "MobCommon" */ = {
			isa = XCConfigurationList;
			buildConfigurations = (
				AB8BB0FB25CFE72E00BF8580 /* Debug */,
				AB8BB0FC25CFE72E00BF8580 /* Release */,
			);
			defaultConfigurationIsVisible = 0;
			defaultConfigurationName = Release;
		};
		AB8BB0FD25CFE72E00BF8580 /* Build configuration list for PBXNativeTarget "MobCommonTests" */ = {
			isa = XCConfigurationList;
			buildConfigurations = (
				AB8BB0FE25CFE72E00BF8580 /* Debug */,
				AB8BB0FF25CFE72E00BF8580 /* Release */,
			);
			defaultConfigurationIsVisible = 0;
			defaultConfigurationName = Release;
		};
		AB8BB11725CFE74100BF8580 /* Build configuration list for PBXNativeTarget "MobCommon-Demo" */ = {
			isa = XCConfigurationList;
			buildConfigurations = (
				AB8BB11825CFE74100BF8580 /* Debug */,
				AB8BB11925CFE74100BF8580 /* Release */,
			);
			defaultConfigurationIsVisible = 0;
			defaultConfigurationName = Release;
		};
/* End XCConfigurationList section */
	};
	rootObject = AB8BB0DD25CFE72D00BF8580 /* Project object */;
}
